
Microsoft Visual Studio Solution File, Format Version 12.00
# Visual Studio Version 17
VisualStudioVersion = 17.11.34929.205
MinimumVisualStudioVersion = 10.0.40219.1
Project("{FAE04EC0-301F-11D3-BF4B-00C04F79EFBC}") = "OrderManager.API", "OrderManager.API\OrderManager.API.csproj", "{26D0A562-28CD-45E7-9BE4-DC1F3D6EAEB1}"
EndProject
Project("{FAE04EC0-301F-11D3-BF4B-00C04F79EFBC}") = "OrderManager.API.UnitTests", "OrderManager.API.UnitTests\OrderManager.API.UnitTests.csproj", "{A683A6A3-42DD-4D04-B151-48C0A0B0E881}"
EndProject
Project("{FAE04EC0-301F-11D3-BF4B-00C04F79EFBC}") = "OrderManager.API.IntegrationTests", "OrderManager.API.IntegrationTests\OrderManager.API.IntegrationTests.csproj", "{338559CF-319E-47C6-B7BE-24C9F4E7836B}"
EndProject
Project("{FAE04EC0-301F-11D3-BF4B-00C04F79EFBC}") = "OrderManager.API.EndToEndTests", "OrderManager.API.EndToEndTests\OrderManager.API.EndToEndTests.csproj", "{92F40F3F-80F5-CE7A-4029-1CB08617D0AF}"
EndProject
Global
	GlobalSection(SolutionConfigurationPlatforms) = preSolution
		Debug|Any CPU = Debug|Any CPU
		Debug|x64 = Debug|x64
		Debug|x86 = Debug|x86
		Release|Any CPU = Release|Any CPU
		Release|x64 = Release|x64
		Release|x86 = Release|x86
	EndGlobalSection
	GlobalSection(ProjectConfigurationPlatforms) = postSolution
		{26D0A562-28CD-45E7-9BE4-DC1F3D6EAEB1}.Debug|Any CPU.ActiveCfg = Debug|Any CPU
		{26D0A562-28CD-45E7-9BE4-DC1F3D6EAEB1}.Debug|Any CPU.Build.0 = Debug|Any CPU
		{26D0A562-28CD-45E7-9BE4-DC1F3D6EAEB1}.Debug|x64.ActiveCfg = Debug|Any CPU
		{26D0A562-28CD-45E7-9BE4-DC1F3D6EAEB1}.Debug|x64.Build.0 = Debug|Any CPU
		{26D0A562-28CD-45E7-9BE4-DC1F3D6EAEB1}.Debug|x86.ActiveCfg = Debug|Any CPU
		{26D0A562-28CD-45E7-9BE4-DC1F3D6EAEB1}.Debug|x86.Build.0 = Debug|Any CPU
		{26D0A562-28CD-45E7-9BE4-DC1F3D6EAEB1}.Release|Any CPU.ActiveCfg = Release|Any CPU
		{26D0A562-28CD-45E7-9BE4-DC1F3D6EAEB1}.Release|Any CPU.Build.0 = Release|Any CPU
		{26D0A562-28CD-45E7-9BE4-DC1F3D6EAEB1}.Release|x64.ActiveCfg = Release|Any CPU
		{26D0A562-28CD-45E7-9BE4-DC1F3D6EAEB1}.Release|x64.Build.0 = Release|Any CPU
		{26D0A562-28CD-45E7-9BE4-DC1F3D6EAEB1}.Release|x86.ActiveCfg = Release|Any CPU
		{26D0A562-28CD-45E7-9BE4-DC1F3D6EAEB1}.Release|x86.Build.0 = Release|Any CPU
		{A683A6A3-42DD-4D04-B151-48C0A0B0E881}.Debug|Any CPU.ActiveCfg = Debug|Any CPU
		{A683A6A3-42DD-4D04-B151-48C0A0B0E881}.Debug|Any CPU.Build.0 = Debug|Any CPU
		{A683A6A3-42DD-4D04-B151-48C0A0B0E881}.Debug|x64.ActiveCfg = Debug|Any CPU
		{A683A6A3-42DD-4D04-B151-48C0A0B0E881}.Debug|x64.Build.0 = Debug|Any CPU
		{A683A6A3-42DD-4D04-B151-48C0A0B0E881}.Debug|x86.ActiveCfg = Debug|Any CPU
		{A683A6A3-42DD-4D04-B151-48C0A0B0E881}.Debug|x86.Build.0 = Debug|Any CPU
		{A683A6A3-42DD-4D04-B151-48C0A0B0E881}.Release|Any CPU.ActiveCfg = Release|Any CPU
		{A683A6A3-42DD-4D04-B151-48C0A0B0E881}.Release|Any CPU.Build.0 = Release|Any CPU
		{A683A6A3-42DD-4D04-B151-48C0A0B0E881}.Release|x64.ActiveCfg = Release|Any CPU
		{A683A6A3-42DD-4D04-B151-48C0A0B0E881}.Release|x64.Build.0 = Release|Any CPU
		{A683A6A3-42DD-4D04-B151-48C0A0B0E881}.Release|x86.ActiveCfg = Release|Any CPU
		{A683A6A3-42DD-4D04-B151-48C0A0B0E881}.Release|x86.Build.0 = Release|Any CPU
		{338559CF-319E-47C6-B7BE-24C9F4E7836B}.Debug|Any CPU.ActiveCfg = Debug|Any CPU
		{338559CF-319E-47C6-B7BE-24C9F4E7836B}.Debug|Any CPU.Build.0 = Debug|Any CPU
		{338559CF-319E-47C6-B7BE-24C9F4E7836B}.Debug|x64.ActiveCfg = Debug|Any CPU
		{338559CF-319E-47C6-B7BE-24C9F4E7836B}.Debug|x64.Build.0 = Debug|Any CPU
		{338559CF-319E-47C6-B7BE-24C9F4E7836B}.Debug|x86.ActiveCfg = Debug|Any CPU
		{338559CF-319E-47C6-B7BE-24C9F4E7836B}.Debug|x86.Build.0 = Debug|Any CPU
		{338559CF-319E-47C6-B7BE-24C9F4E7836B}.Release|Any CPU.ActiveCfg = Release|Any CPU
		{338559CF-319E-47C6-B7BE-24C9F4E7836B}.Release|Any CPU.Build.0 = Release|Any CPU
		{338559CF-319E-47C6-B7BE-24C9F4E7836B}.Release|x64.ActiveCfg = Release|Any CPU
		{338559CF-319E-47C6-B7BE-24C9F4E7836B}.Release|x64.Build.0 = Release|Any CPU
		{338559CF-319E-47C6-B7BE-24C9F4E7836B}.Release|x86.ActiveCfg = Release|Any CPU
		{338559CF-319E-47C6-B7BE-24C9F4E7836B}.Release|x86.Build.0 = Release|Any CPU
		{92F40F3F-80F5-CE7A-4029-1CB08617D0AF}.Debug|Any CPU.ActiveCfg = Debug|Any CPU
		{92F40F3F-80F5-CE7A-4029-1CB08617D0AF}.Debug|Any CPU.Build.0 = Debug|Any CPU
		{92F40F3F-80F5-CE7A-4029-1CB08617D0AF}.Debug|x64.ActiveCfg = Debug|Any CPU
		{92F40F3F-80F5-CE7A-4029-1CB08617D0AF}.Debug|x64.Build.0 = Debug|Any CPU
		{92F40F3F-80F5-CE7A-4029-1CB08617D0AF}.Debug|x86.ActiveCfg = Debug|Any CPU
		{92F40F3F-80F5-CE7A-4029-1CB08617D0AF}.Debug|x86.Build.0 = Debug|Any CPU
		{92F40F3F-80F5-CE7A-4029-1CB08617D0AF}.Release|Any CPU.ActiveCfg = Release|Any CPU
		{92F40F3F-80F5-CE7A-4029-1CB08617D0AF}.Release|Any CPU.Build.0 = Release|Any CPU
		{92F40F3F-80F5-CE7A-4029-1CB08617D0AF}.Release|x64.ActiveCfg = Release|Any CPU
		{92F40F3F-80F5-CE7A-4029-1CB08617D0AF}.Release|x64.Build.0 = Release|Any CPU
		{92F40F3F-80F5-CE7A-4029-1CB08617D0AF}.Release|x86.ActiveCfg = Release|Any CPU
		{92F40F3F-80F5-CE7A-4029-1CB08617D0AF}.Release|x86.Build.0 = Release|Any CPU
	EndGlobalSection
	GlobalSection(SolutionProperties) = preSolution
		HideSolutionNode = FALSE
	EndGlobalSection
	GlobalSection(ExtensibilityGlobals) = postSolution
		SolutionGuid = {2AEF5801-00FE-491A-89FE-DE775B114B11}
	EndGlobalSection
EndGlobal
